
Microsoft Visual Studio Solution File, Format Version 10.00
# Visual C++ Express 2008
Project("{8BC9CEB8-8B4A-11D0-8D11-00A0C91BC942}") = "FileIO", "FileIO\FileIO.vcproj", "{1D6A7595-85CE-422F-B684-2291BB2A55E5}"
	ProjectSection(ProjectDependencies) = postProject
		{3737B887-B1B4-4D49-8FCF-FC5A45B239E7} = {3737B887-B1B4-4D49-8FCF-FC5A45B239E7}
		{98E93B9B-6BB9-4370-855D-6D808F15FCA2} = {98E93B9B-6BB9-4370-855D-6D808F15FCA2}
	EndProjectSection
EndProject
Project("{8BC9CEB8-8B4A-11D0-8D11-00A0C91BC942}") = "Graphics", "Graphics\Graphics.vcproj", "{E49DBF3F-B997-4066-BBA9-8127748C8AFC}"
	ProjectSection(ProjectDependencies) = postProject
		{1D6A7595-85CE-422F-B684-2291BB2A55E5} = {1D6A7595-85CE-422F-B684-2291BB2A55E5}
		{3737B887-B1B4-4D49-8FCF-FC5A45B239E7} = {3737B887-B1B4-4D49-8FCF-FC5A45B239E7}
		{16628F35-CEF4-49AD-A921-5C137148B4D6} = {16628F35-CEF4-49AD-A921-5C137148B4D6}
		{5BEE0E21-A747-4E8F-B453-45EF80CD979B} = {5BEE0E21-A747-4E8F-B453-45EF80CD979B}
	EndProjectSection
EndProject
Project("{8BC9CEB8-8B4A-11D0-8D11-00A0C91BC942}") = "Input", "Input\Input.vcproj", "{775CC1A3-7E50-41A9-B2D3-3A40D31AE071}"
	ProjectSection(ProjectDependencies) = postProject
		{3737B887-B1B4-4D49-8FCF-FC5A45B239E7} = {3737B887-B1B4-4D49-8FCF-FC5A45B239E7}
	EndProjectSection
EndProject
Project("{8BC9CEB8-8B4A-11D0-8D11-00A0C91BC942}") = "Sound", "Sound\Sound.vcproj", "{85F3667F-4B70-4A06-95CD-66DAD6FFE18D}"
	ProjectSection(ProjectDependencies) = postProject
		{3737B887-B1B4-4D49-8FCF-FC5A45B239E7} = {3737B887-B1B4-4D49-8FCF-FC5A45B239E7}
		{1D6A7595-85CE-422F-B684-2291BB2A55E5} = {1D6A7595-85CE-422F-B684-2291BB2A55E5}
	EndProjectSection
EndProject
Project("{8BC9CEB8-8B4A-11D0-8D11-00A0C91BC942}") = "Threading", "Threading\Threading.vcproj", "{98E93B9B-6BB9-4370-855D-6D808F15FCA2}"
	ProjectSection(ProjectDependencies) = postProject
		{3737B887-B1B4-4D49-8FCF-FC5A45B239E7} = {3737B887-B1B4-4D49-8FCF-FC5A45B239E7}
	EndProjectSection
EndProject
Project("{8BC9CEB8-8B4A-11D0-8D11-00A0C91BC942}") = "WindowCreator", "WindowCreator\WindowCreator.vcproj", "{5BEE0E21-A747-4E8F-B453-45EF80CD979B}"
	ProjectSection(ProjectDependencies) = postProject
		{3737B887-B1B4-4D49-8FCF-FC5A45B239E7} = {3737B887-B1B4-4D49-8FCF-FC5A45B239E7}
	EndProjectSection
EndProject
Project("{8BC9CEB8-8B4A-11D0-8D11-00A0C91BC942}") = "Base", "Base\Base.vcproj", "{3737B887-B1B4-4D49-8FCF-FC5A45B239E7}"
EndProject
Project("{8BC9CEB8-8B4A-11D0-8D11-00A0C91BC942}") = "Math", "Math\Math.vcproj", "{16628F35-CEF4-49AD-A921-5C137148B4D6}"
	ProjectSection(ProjectDependencies) = postProject
		{3737B887-B1B4-4D49-8FCF-FC5A45B239E7} = {3737B887-B1B4-4D49-8FCF-FC5A45B239E7}
	EndProjectSection
EndProject
Project("{8BC9CEB8-8B4A-11D0-8D11-00A0C91BC942}") = "PseudoXml", "PseudoXml\PseudoXml.vcproj", "{EA9C8470-E000-4BBB-A3B5-25C3AB241173}"
	ProjectSection(ProjectDependencies) = postProject
		{1D6A7595-85CE-422F-B684-2291BB2A55E5} = {1D6A7595-85CE-422F-B684-2291BB2A55E5}
		{3737B887-B1B4-4D49-8FCF-FC5A45B239E7} = {3737B887-B1B4-4D49-8FCF-FC5A45B239E7}
	EndProjectSection
EndProject
Project("{8BC9CEB8-8B4A-11D0-8D11-00A0C91BC942}") = "Scene", "Scene\Scene.vcproj", "{96F173AF-D522-4D33-A392-04C699461C6A}"
	ProjectSection(ProjectDependencies) = postProject
		{16628F35-CEF4-49AD-A921-5C137148B4D6} = {16628F35-CEF4-49AD-A921-5C137148B4D6}
		{E49DBF3F-B997-4066-BBA9-8127748C8AFC} = {E49DBF3F-B997-4066-BBA9-8127748C8AFC}
		{EA9C8470-E000-4BBB-A3B5-25C3AB241173} = {EA9C8470-E000-4BBB-A3B5-25C3AB241173}
		{3737B887-B1B4-4D49-8FCF-FC5A45B239E7} = {3737B887-B1B4-4D49-8FCF-FC5A45B239E7}
		{1D6A7595-85CE-422F-B684-2291BB2A55E5} = {1D6A7595-85CE-422F-B684-2291BB2A55E5}
	EndProjectSection
EndProject
Global
	GlobalSection(SolutionConfigurationPlatforms) = preSolution
		Debug|Win32 = Debug|Win32
		Release|Win32 = Release|Win32
	EndGlobalSection
	GlobalSection(ProjectConfigurationPlatforms) = postSolution
		{1D6A7595-85CE-422F-B684-2291BB2A55E5}.Debug|Win32.ActiveCfg = Debug|Win32
		{1D6A7595-85CE-422F-B684-2291BB2A55E5}.Debug|Win32.Build.0 = Debug|Win32
		{1D6A7595-85CE-422F-B684-2291BB2A55E5}.Release|Win32.ActiveCfg = Release|Win32
		{1D6A7595-85CE-422F-B684-2291BB2A55E5}.Release|Win32.Build.0 = Release|Win32
		{E49DBF3F-B997-4066-BBA9-8127748C8AFC}.Debug|Win32.ActiveCfg = Debug|Win32
		{E49DBF3F-B997-4066-BBA9-8127748C8AFC}.Debug|Win32.Build.0 = Debug|Win32
		{E49DBF3F-B997-4066-BBA9-8127748C8AFC}.Release|Win32.ActiveCfg = Release|Win32
		{E49DBF3F-B997-4066-BBA9-8127748C8AFC}.Release|Win32.Build.0 = Release|Win32
		{775CC1A3-7E50-41A9-B2D3-3A40D31AE071}.Debug|Win32.ActiveCfg = Debug|Win32
		{775CC1A3-7E50-41A9-B2D3-3A40D31AE071}.Debug|Win32.Build.0 = Debug|Win32
		{775CC1A3-7E50-41A9-B2D3-3A40D31AE071}.Release|Win32.ActiveCfg = Release|Win32
		{775CC1A3-7E50-41A9-B2D3-3A40D31AE071}.Release|Win32.Build.0 = Release|Win32
		{85F3667F-4B70-4A06-95CD-66DAD6FFE18D}.Debug|Win32.ActiveCfg = Debug|Win32
		{85F3667F-4B70-4A06-95CD-66DAD6FFE18D}.Debug|Win32.Build.0 = Debug|Win32
		{85F3667F-4B70-4A06-95CD-66DAD6FFE18D}.Release|Win32.ActiveCfg = Release|Win32
		{85F3667F-4B70-4A06-95CD-66DAD6FFE18D}.Release|Win32.Build.0 = Release|Win32
		{98E93B9B-6BB9-4370-855D-6D808F15FCA2}.Debug|Win32.ActiveCfg = Debug|Win32
		{98E93B9B-6BB9-4370-855D-6D808F15FCA2}.Debug|Win32.Build.0 = Debug|Win32
		{98E93B9B-6BB9-4370-855D-6D808F15FCA2}.Release|Win32.ActiveCfg = Release|Win32
		{98E93B9B-6BB9-4370-855D-6D808F15FCA2}.Release|Win32.Build.0 = Release|Win32
		{5BEE0E21-A747-4E8F-B453-45EF80CD979B}.Debug|Win32.ActiveCfg = Debug|Win32
		{5BEE0E21-A747-4E8F-B453-45EF80CD979B}.Debug|Win32.Build.0 = Debug|Win32
		{5BEE0E21-A747-4E8F-B453-45EF80CD979B}.Release|Win32.ActiveCfg = Release|Win32
		{5BEE0E21-A747-4E8F-B453-45EF80CD979B}.Release|Win32.Build.0 = Release|Win32
		{3737B887-B1B4-4D49-8FCF-FC5A45B239E7}.Debug|Win32.ActiveCfg = Debug|Win32
		{3737B887-B1B4-4D49-8FCF-FC5A45B239E7}.Debug|Win32.Build.0 = Debug|Win32
		{3737B887-B1B4-4D49-8FCF-FC5A45B239E7}.Release|Win32.ActiveCfg = Release|Win32
		{3737B887-B1B4-4D49-8FCF-FC5A45B239E7}.Release|Win32.Build.0 = Release|Win32
		{16628F35-CEF4-49AD-A921-5C137148B4D6}.Debug|Win32.ActiveCfg = Debug|Win32
		{16628F35-CEF4-49AD-A921-5C137148B4D6}.Debug|Win32.Build.0 = Debug|Win32
		{16628F35-CEF4-49AD-A921-5C137148B4D6}.Release|Win32.ActiveCfg = Release|Win32
		{16628F35-CEF4-49AD-A921-5C137148B4D6}.Release|Win32.Build.0 = Release|Win32
		{EA9C8470-E000-4BBB-A3B5-25C3AB241173}.Debug|Win32.ActiveCfg = Debug|Win32
		{EA9C8470-E000-4BBB-A3B5-25C3AB241173}.Debug|Win32.Build.0 = Debug|Win32
		{EA9C8470-E000-4BBB-A3B5-25C3AB241173}.Release|Win32.ActiveCfg = Release|Win32
		{EA9C8470-E000-4BBB-A3B5-25C3AB241173}.Release|Win32.Build.0 = Release|Win32
		{96F173AF-D522-4D33-A392-04C699461C6A}.Debug|Win32.ActiveCfg = Debug|Win32
		{96F173AF-D522-4D33-A392-04C699461C6A}.Debug|Win32.Build.0 = Debug|Win32
		{96F173AF-D522-4D33-A392-04C699461C6A}.Release|Win32.ActiveCfg = Release|Win32
		{96F173AF-D522-4D33-A392-04C699461C6A}.Release|Win32.Build.0 = Release|Win32
	EndGlobalSection
	GlobalSection(SolutionProperties) = preSolution
		HideSolutionNode = FALSE
	EndGlobalSection
EndGlobal
